{
  "name": "token-saver",
  "version": "0.1.0",
  "lockfileVersion": 3,
  "requires": true,
  "packages": {
    "": {
      "name": "token-saver",
      "version": "0.1.0",
      "dependencies": {
        "@toon-format/toon": "^4.1.1",
        "js-tiktoken": "^1.0.20",
        "omniglyph": "^1.4.0",
        "safe-regex": "^2.1.1",
        "smol-toml": "1.8.0",
        "zod": "^4.4.3"
      },
      "devDependencies": {
        "@types/node": "^26.2.0",
        "typescript": "^6.0.3"
      },
      "engines": {
        "node": ">=22.22.2"
      }
    },
    "node_modules/@toon-format/toon": {
      "version": "4.1.1",
      "resolved": "https://registry.npmjs.org/@toon-format/toon/-/toon-4.1.1.tgz",
      "integrity": "sha512-SGCkS7IjVpwRmGPgnY8ENKpAf0EdAnZDOQkvFW0d2cgOpdn9FEFl7sTgryESyypXrWr0YajHGpwsAUX4zw9ZvA==",
      "license": "MIT"
    },
    "node_modules/@types/node": {
      "version": "26.2.0",
      "resolved": "https://registry.npmjs.org/@types/node/-/node-26.2.0.tgz",
      "integrity": "sha512-5IviulTZeRNp2vAJ514cc/HUlY5nZ9fCbq9DMyC52BrhFZACo3nI0R7qBxhQmo/d27NFe96ur/b7Wwxklda+kg==",
      "dev": true,
      "license": "MIT",
      "dependencies": {
        "undici-types": "~8.3.0"
      }
    },
    "node_modules/base64-js": {
      "version": "1.5.1",
      "resolved": "https://registry.npmjs.org/base64-js/-/base64-js-1.5.1.tgz",
      "integrity": "sha512-AKpaYlHn8t4SVbOHCy+b5+KKgvR4vrsD8vbvrbiQJps7fKDTkjkDry6ji0rUJjC0kzbNePLwzxq8iypo41qeWA==",
      "funding": [
        {
          "type": "github",
          "url": "https://github.com/sponsors/feross"
        },
        {
          "type": "patreon",
          "url": "https://www.patreon.com/feross"
        },
        {
          "type": "consulting",
          "url": "https://feross.org/support"
        }
      ],
      "license": "MIT"
    },
    "node_modules/gpt-tokenizer": {
      "version": "3.4.0",
      "resolved": "https://registry.npmjs.org/gpt-tokenizer/-/gpt-tokenizer-3.4.0.tgz",
      "integrity": "sha512-wxFLnhIXTDjYebd9A9pGl3e31ZpSypbpIJSOswbgop5jLte/AsZVDvjlbEuVFlsqZixVKqbcoNmRlFDf6pz/UQ==",
      "license": "MIT"
    },
    "node_modules/js-tiktoken": {
      "version": "1.0.21",
      "resolved": "https://registry.npmjs.org/js-tiktoken/-/js-tiktoken-1.0.21.tgz",
      "integrity": "sha512-biOj/6M5qdgx5TKjDnFT1ymSpM5tbd3ylwDtrQvFQSu0Z7bBYko2dF+W/aUkXUPuk6IVpRxk/3Q2sHOzGlS36g==",
      "license": "MIT",
      "dependencies": {
        "base64-js": "^1.5.1"
      }
    },
    "node_modules/omniglyph": {
      "version": "1.4.0",
      "resolved": "https://registry.npmjs.org/omniglyph/-/omniglyph-1.4.0.tgz",
      "integrity": "sha512-4zAqDW9pBb2i+fiGOVLIKbdecZeo55UmKQoLku1apxo3TSA4gfqcMo2MqQpal1VicckUwTbexFLasW7qngXUHA==",
      "license": "MIT",
      "dependencies": {
        "gpt-tokenizer": "^3.4.0"
      },
      "bin": {
        "omniglyph": "bin/cli.js"
      },
      "engines": {
        "node": ">=18"
      }
    },
    "node_modules/regexp-tree": {
      "version": "0.1.27",
      "resolved": "https://registry.npmjs.org/regexp-tree/-/regexp-tree-0.1.27.tgz",
      "integrity": "sha512-iETxpjK6YoRWJG5o6hXLwvjYAoW+FEZn9os0PD/b6AP6xQwsa/Y7lCVgIixBbUPMfhu+i2LtdeAqVTgGlQarfA==",
      "license": "MIT",
      "bin": {
        "regexp-tree": "bin/regexp-tree"
      }
    },
    "node_modules/safe-regex": {
      "version": "2.1.1",
      "resolved": "https://registry.npmjs.org/safe-regex/-/safe-regex-2.1.1.tgz",
      "integrity": "sha512-rx+x8AMzKb5Q5lQ95Zoi6ZbJqwCLkqi3XuJXp5P3rT8OEc6sZCJG5AE5dU3lsgRr/F4Bs31jSlVN+j5KrsGu9A==",
      "license": "MIT",
      "dependencies": {
        "regexp-tree": "~0.1.1"
      }
    },
    "node_modules/smol-toml": {
      "version": "1.8.0",
      "resolved": "https://registry.npmjs.org/smol-toml/-/smol-toml-1.8.0.tgz",
      "integrity": "sha512-kCZr2V3ch9i00x8zXRhjUNVcjG9ijES5dDudkXvUVCT5QlJNQWElSJdZqyPemffHoLNUYwOcou0Fy+ojN0uHSQ==",
      "license": "BSD-3-Clause",
      "engines": {
        "node": ">= 18"
      },
      "funding": {
        "url": "https://github.com/sponsors/cyyynthia"
      }
    },
    "node_modules/typescript": {
      "version": "6.0.3",
      "resolved": "https://registry.npmjs.org/typescript/-/typescript-6.0.3.tgz",
      "integrity": "sha512-y2TvuxSZPDyQakkFRPZHKFm+KKVqIisdg9/CZwm9ftvKXLP8NRWj38/ODjNbr43SsoXqNuAisEf1GdCxqWcdBw==",
      "dev": true,
      "license": "Apache-2.0",
      "bin": {
        "tsc": "bin/tsc",
        "tsserver": "bin/tsserver"
      },
      "engines": {
        "node": ">=14.17"
      }
    },
    "node_modules/undici-types": {
      "version": "8.3.0",
      "resolved": "https://registry.npmjs.org/undici-types/-/undici-types-8.3.0.tgz",
      "integrity": "sha512-j375ScV60dom+YkPFIfTLcOiPxkN/buHz5GobjLhixFuANaNs3C9l4GmrWqejgXWJ7BbJcFYpTEUkS1Ge8bpZQ==",
      "dev": true,
      "license": "MIT"
    },
    "node_modules/zod": {
      "version": "4.4.3",
      "resolved": "https://registry.npmjs.org/zod/-/zod-4.4.3.tgz",
      "integrity": "sha512-ytENFjIJFl2UwYglde2jchW2Hwm4GJFLDiSXWdTrJQBIN9Fcyp7n4DhxJEiWNAJMV1/BqWfW/kkg71UDcHJyTQ==",
      "license": "MIT",
      "funding": {
        "url": "https://github.com/sponsors/colinhacks"
      }
    }
  }
}
